
Microsoft Visual Studio Solution File, Format Version 12.00
# Visual Studio 2013
VisualStudioVersion = 12.0.21005.1
MinimumVisualStudioVersion = 10.0.40219.1
Project("{FAE04EC0-301F-11D3-BF4B-00C04F79EFBC}") = "Win8_WP8_UnityPatch", "Win8_WP8_UnityPatch\Win8_WP8_UnityPatch.csproj", "{9C0EA8C2-5EFF-4B31-A3E0-E7A32968CC87}"
EndProject
Global
	GlobalSection(SolutionConfigurationPlatforms) = preSolution
		Debug|Any CPU = Debug|Any CPU
		Release|Any CPU = Release|Any CPU
	EndGlobalSection
	GlobalSection(ProjectConfigurationPlatforms) = postSolution
		{9C0EA8C2-5EFF-4B31-A3E0-E7A32968CC87}.Debug|Any CPU.ActiveCfg = Debug|Any CPU
		{9C0EA8C2-5EFF-4B31-A3E0-E7A32968CC87}.Debug|Any CPU.Build.0 = Debug|Any CPU
		{9C0EA8C2-5EFF-4B31-A3E0-E7A32968CC87}.Release|Any CPU.ActiveCfg = Release|Any CPU
		{9C0EA8C2-5EFF-4B31-A3E0-E7A32968CC87}.Release|Any CPU.Build.0 = Release|Any CPU
	EndGlobalSection
	GlobalSection(SolutionProperties) = preSolution
		HideSolutionNode = FALSE
	EndGlobalSection
EndGlobal
