
Microsoft Visual Studio Solution File, Format Version 12.00
# Visual Studio 2012
Project("{FAE04EC0-301F-11D3-BF4B-00C04F79EFBC}") = "Injector_Win32", "Injector_Win32\Injector_Win32.csproj", "{CDAD6880-1DE8-4889-803B-1839B5695DA4}"
EndProject
Global
	GlobalSection(SolutionConfigurationPlatforms) = preSolution
		Debug|Any CPU = Debug|Any CPU
		Release|Any CPU = Release|Any CPU
	EndGlobalSection
	GlobalSection(ProjectConfigurationPlatforms) = postSolution
		{CDAD6880-1DE8-4889-803B-1839B5695DA4}.Debug|Any CPU.ActiveCfg = Debug|Any CPU
		{CDAD6880-1DE8-4889-803B-1839B5695DA4}.Debug|Any CPU.Build.0 = Debug|Any CPU
		{CDAD6880-1DE8-4889-803B-1839B5695DA4}.Release|Any CPU.ActiveCfg = Release|Any CPU
		{CDAD6880-1DE8-4889-803B-1839B5695DA4}.Release|Any CPU.Build.0 = Release|Any CPU
	EndGlobalSection
	GlobalSection(SolutionProperties) = preSolution
		HideSolutionNode = FALSE
	EndGlobalSection
EndGlobal
